// !$*UTF8*$!
{
	archiveVersion = 1;
	classes = {
	};
	objectVersion = 56;
	objects = {

/* Begin PBXBuildFile section */
		128D25192BB003A700E87359 /* AppDelegate.swift in Sources */ = {isa = PBXBuildFile; fileRef = 128D25182BB003A700E87359 /* AppDelegate.swift */; };
		128D251B2BB003A700E87359 /* SceneDelegate.swift in Sources */ = {isa = PBXBuildFile; fileRef = 128D251A2BB003A700E87359 /* SceneDelegate.swift */; };
		128D251D2BB003A700E87359 /* ToDoListViewController.swift in Sources */ = {isa = PBXBuildFile; fileRef = 128D251C2BB003A700E87359 /* ToDoListViewController.swift */; };
		128D25202BB003A700E87359 /* Base in Resources */ = {isa = PBXBuildFile; fileRef = 128D251F2BB003A700E87359 /* Base */; };
		128D25222BB003A900E87359 /* Assets.xcassets in Resources */ = {isa = PBXBuildFile; fileRef = 128D25212BB003A900E87359 /* Assets.xcassets */; };
		128D25252BB003A900E87359 /* Base in Resources */ = {isa = PBXBuildFile; fileRef = 128D25242BB003A900E87359 /* Base */; };
		128D25302BB003A900E87359 /* ToDoTests.swift in Sources */ = {isa = PBXBuildFile; fileRef = 128D252F2BB003A900E87359 /* ToDoTests.swift */; };
		128D253A2BB003A900E87359 /* ToDoUITests.swift in Sources */ = {isa = PBXBuildFile; fileRef = 128D25392BB003A900E87359 /* ToDoUITests.swift */; };
		128D253C2BB003A900E87359 /* ToDoUITestsLaunchTests.swift in Sources */ = {isa = PBXBuildFile; fileRef = 128D253B2BB003A900E87359 /* ToDoUITestsLaunchTests.swift */; };
		12A28CE22BD4EC08004B67CD /* DataModel.xcdatamodeld in Sources */ = {isa = PBXBuildFile; fileRef = 12A28CE02BD4EC08004B67CD /* DataModel.xcdatamodeld */; };
		12ED00872BF0A367005E2D2C /* CategoryViewController.swift in Sources */ = {isa = PBXBuildFile; fileRef = 12ED00862BF0A367005E2D2C /* CategoryViewController.swift */; };
/* End PBXBuildFile section */

/* Begin PBXContainerItemProxy section */
		128D252C2BB003A900E87359 /* PBXContainerItemProxy */ = {
			isa = PBXContainerItemProxy;
			containerPortal = 128D250D2BB003A700E87359 /* Project object */;
			proxyType = 1;
			remoteGlobalIDString = 128D25142BB003A700E87359;
			remoteInfo = ToDo;
		};
		128D25362BB003A900E87359 /* PBXContainerItemProxy */ = {
			isa = PBXContainerItemProxy;
			containerPortal = 128D250D2BB003A700E87359 /* Project object */;
			proxyType = 1;
			remoteGlobalIDString = 128D25142BB003A700E87359;
			remoteInfo = ToDo;
		};
/* End PBXContainerItemProxy section */

/* Begin PBXFileReference section */
		128D25152BB003A700E87359 /* ToDo.app */ = {isa = PBXFileReference; explicitFileType = wrapper.application; includeInIndex = 0; path = ToDo.app; sourceTree = BUILT_PRODUCTS_DIR; };
		128D25182BB003A700E87359 /* AppDelegate.swift */ = {isa = PBXFileReference; lastKnownFileType = sourcecode.swift; path = AppDelegate.swift; sourceTree = "<group>"; };
		128D251A2BB003A700E87359 /* SceneDelegate.swift */ = {isa = PBXFileReference; lastKnownFileType = sourcecode.swift; path = SceneDelegate.swift; sourceTree = "<group>"; };
		128D251C2BB003A700E87359 /* ToDoListViewController.swift */ = {isa = PBXFileReference; lastKnownFileType = sourcecode.swift; path = ToDoListViewController.swift; sourceTree = "<group>"; };
		128D251F2BB003A700E87359 /* Base */ = {isa = PBXFileReference; lastKnownFileType = file.storyboard; name = Base; path = Base.lproj/Main.storyboard; sourceTree = "<group>"; };
		128D25212BB003A900E87359 /* Assets.xcassets */ = {isa = PBXFileReference; lastKnownFileType = folder.assetcatalog; path = Assets.xcassets; sourceTree = "<group>"; };
		128D25242BB003A900E87359 /* Base */ = {isa = PBXFileReference; lastKnownFileType = file.storyboard; name = Base; path = Base.lproj/LaunchScreen.storyboard; sourceTree = "<group>"; };
		128D25262BB003A900E87359 /* Info.plist */ = {isa = PBXFileReference; lastKnownFileType = text.plist.xml; path = Info.plist; sourceTree = "<group>"; };
		128D252B2BB003A900E87359 /* ToDoTests.xctest */ = {isa = PBXFileReference; explicitFileType = wrapper.cfbundle; includeInIndex = 0; path = ToDoTests.xctest; sourceTree = BUILT_PRODUCTS_DIR; };
		128D252F2BB003A900E87359 /* ToDoTests.swift */ = {isa = PBXFileReference; lastKnownFileType = sourcecode.swift; path = ToDoTests.swift; sourceTree = "<group>"; };
		128D25352BB003A900E87359 /* ToDoUITests.xctest */ = {isa = PBXFileReference; explicitFileType = wrapper.cfbundle; includeInIndex = 0; path = ToDoUITests.xctest; sourceTree = BUILT_PRODUCTS_DIR; };
		128D25392BB003A900E87359 /* ToDoUITests.swift */ = {isa = PBXFileReference; lastKnownFileType = sourcecode.swift; path = ToDoUITests.swift; sourceTree = "<group>"; };
		128D253B2BB003A900E87359 /* ToDoUITestsLaunchTests.swift */ = {isa = PBXFileReference; lastKnownFileType = sourcecode.swift; path = ToDoUITestsLaunchTests.swift; sourceTree = "<group>"; };
		12A28CE12BD4EC08004B67CD /* DataModel.xcdatamodel */ = {isa = PBXFileReference; lastKnownFileType = wrapper.xcdatamodel; path = DataModel.xcdatamodel; sourceTree = "<group>"; };
		12ED00862BF0A367005E2D2C /* CategoryViewController.swift */ = {isa = PBXFileReference; lastKnownFileType = sourcecode.swift; path = CategoryViewController.swift; sourceTree = "<group>"; };
/* End PBXFileReference section */

/* Begin PBXFrameworksBuildPhase section */
		128D25122BB003A700E87359 /* Frameworks */ = {
			isa = PBXFrameworksBuildPhase;
			buildActionMask = 2147483647;
			files = (
			);
			runOnlyForDeploymentPostprocessing = 0;
		};
		128D25282BB003A900E87359 /* Frameworks */ = {
			isa = PBXFrameworksBuildPhase;
			buildActionMask = 2147483647;
			files = (
			);
			runOnlyForDeploymentPostprocessing = 0;
		};
		128D25322BB003A900E87359 /* Frameworks */ = {
			isa = PBXFrameworksBuildPhase;
			buildActionMask = 2147483647;
			files = (
			);
			runOnlyForDeploymentPostprocessing = 0;
		};
/* End PBXFrameworksBuildPhase section */

/* Begin PBXGroup section */
		128D250C2BB003A700E87359 = {
			isa = PBXGroup;
			children = (
				128D25172BB003A700E87359 /* ToDo */,
				128D252E2BB003A900E87359 /* ToDoTests */,
				128D25382BB003A900E87359 /* ToDoUITests */,
				128D25162BB003A700E87359 /* Products */,
			);
			sourceTree = "<group>";
		};
		128D25162BB003A700E87359 /* Products */ = {
			isa = PBXGroup;
			children = (
				128D25152BB003A700E87359 /* ToDo.app */,
				128D252B2BB003A900E87359 /* ToDoTests.xctest */,
				128D25352BB003A900E87359 /* ToDoUITests.xctest */,
			);
			name = Products;
			sourceTree = "<group>";
		};
		128D25172BB003A700E87359 /* ToDo */ = {
			isa = PBXGroup;
			children = (
				12A28CE62BD4EC75004B67CD /* SupportingFiles */,
				12A28CE52BD4EC5C004B67CD /* Controller */,
				12A28CE42BD4EC55004B67CD /* View */,
				12A28CE32BD4EC4E004B67CD /* Model */,
				128D25262BB003A900E87359 /* Info.plist */,
			);
			path = ToDo;
			sourceTree = "<group>";
		};
		128D252E2BB003A900E87359 /* ToDoTests */ = {
			isa = PBXGroup;
			children = (
				128D252F2BB003A900E87359 /* ToDoTests.swift */,
			);
			path = ToDoTests;
			sourceTree = "<group>";
		};
		128D25382BB003A900E87359 /* ToDoUITests */ = {
			isa = PBXGroup;
			children = (
				128D25392BB003A900E87359 /* ToDoUITests.swift */,
				128D253B2BB003A900E87359 /* ToDoUITestsLaunchTests.swift */,
			);
			path = ToDoUITests;
			sourceTree = "<group>";
		};
		12A28CE32BD4EC4E004B67CD /* Model */ = {
			isa = PBXGroup;
			children = (
				12A28CE02BD4EC08004B67CD /* DataModel.xcdatamodeld */,
			);
			path = Model;
			sourceTree = "<group>";
		};
		12A28CE42BD4EC55004B67CD /* View */ = {
			isa = PBXGroup;
			children = (
				128D25232BB003A900E87359 /* LaunchScreen.storyboard */,
				128D251E2BB003A700E87359 /* Main.storyboard */,
			);
			path = View;
			sourceTree = "<group>";
		};
		12A28CE52BD4EC5C004B67CD /* Controller */ = {
			isa = PBXGroup;
			children = (
				128D251C2BB003A700E87359 /* ToDoListViewController.swift */,
				12ED00862BF0A367005E2D2C /* CategoryViewController.swift */,
			);
			path = Controller;
			sourceTree = "<group>";
		};
		12A28CE62BD4EC75004B67CD /* SupportingFiles */ = {
			isa = PBXGroup;
			children = (
				128D25212BB003A900E87359 /* Assets.xcassets */,
				128D251A2BB003A700E87359 /* SceneDelegate.swift */,
				128D25182BB003A700E87359 /* AppDelegate.swift */,
			);
			path = SupportingFiles;
			sourceTree = "<group>";
		};
/* End PBXGroup section */

/* Begin PBXNativeTarget section */
		128D25142BB003A700E87359 /* ToDo */ = {
			isa = PBXNativeTarget;
			buildConfigurationList = 128D253F2BB003A900E87359 /* Build configuration list for PBXNativeTarget "ToDo" */;
			buildPhases = (
				128D25112BB003A700E87359 /* Sources */,
				128D25122BB003A700E87359 /* Frameworks */,
				128D25132BB003A700E87359 /* Resources */,
			);
			buildRules = (
			);
			dependencies = (
			);
			name = ToDo;
			productName = ToDo;
			productReference = 128D25152BB003A700E87359 /* ToDo.app */;
			productType = "com.apple.product-type.application";
		};
		128D252A2BB003A900E87359 /* ToDoTests */ = {
			isa = PBXNativeTarget;
			buildConfigurationList = 128D25422BB003A900E87359 /* Build configuration list for PBXNativeTarget "ToDoTests" */;
			buildPhases = (
				128D25272BB003A900E87359 /* Sources */,
				128D25282BB003A900E87359 /* Frameworks */,
				128D25292BB003A900E87359 /* Resources */,
			);
			buildRules = (
			);
			dependencies = (
				128D252D2BB003A900E87359 /* PBXTargetDependency */,
			);
			name = ToDoTests;
			productName = ToDoTests;
			productReference = 128D252B2BB003A900E87359 /* ToDoTests.xctest */;
			productType = "com.apple.product-type.bundle.unit-test";
		};
		128D25342BB003A900E87359 /* ToDoUITests */ = {
			isa = PBXNativeTarget;
			buildConfigurationList = 128D25452BB003A900E87359 /* Build configuration list for PBXNativeTarget "ToDoUITests" */;
			buildPhases = (
				128D25312BB003A900E87359 /* Sources */,
				128D25322BB003A900E87359 /* Frameworks */,
				128D25332BB003A900E87359 /* Resources */,
			);
			buildRules = (
			);
			dependencies = (
				128D25372BB003A900E87359 /* PBXTargetDependency */,
			);
			name = ToDoUITests;
			productName = ToDoUITests;
			productReference = 128D25352BB003A900E87359 /* ToDoUITests.xctest */;
			productType = "com.apple.product-type.bundle.ui-testing";
		};
/* End PBXNativeTarget section */

/* Begin PBXProject section */
		128D250D2BB003A700E87359 /* Project object */ = {
			isa = PBXProject;
			attributes = {
				BuildIndependentTargetsInParallel = 1;
				LastSwiftUpdateCheck = 1530;
				LastUpgradeCheck = 1530;
				TargetAttributes = {
					128D25142BB003A700E87359 = {
						CreatedOnToolsVersion = 15.3;
					};
					128D252A2BB003A900E87359 = {
						CreatedOnToolsVersion = 15.3;
						TestTargetID = 128D25142BB003A700E87359;
					};
					128D25342BB003A900E87359 = {
						CreatedOnToolsVersion = 15.3;
						TestTargetID = 128D25142BB003A700E87359;
					};
				};
			};
			buildConfigurationList = 128D25102BB003A700E87359 /* Build configuration list for PBXProject "ToDo" */;
			compatibilityVersion = "Xcode 14.0";
			developmentRegion = en;
			hasScannedForEncodings = 0;
			knownRegions = (
				en,
				Base,
			);
			mainGroup = 128D250C2BB003A700E87359;
			productRefGroup = 128D25162BB003A700E87359 /* Products */;
			projectDirPath = "";
			projectRoot = "";
			targets = (
				128D25142BB003A700E87359 /* ToDo */,
				128D252A2BB003A900E87359 /* ToDoTests */,
				128D25342BB003A900E87359 /* ToDoUITests */,
			);
		};
/* End PBXProject section */

/* Begin PBXResourcesBuildPhase section */
		128D25132BB003A700E87359 /* Resources */ = {
			isa = PBXResourcesBuildPhase;
			buildActionMask = 2147483647;
			files = (
				128D25222BB003A900E87359 /* Assets.xcassets in Resources */,
				128D25252BB003A900E87359 /* Base in Resources */,
				128D25202BB003A700E87359 /* Base in Resources */,
			);
			runOnlyForDeploymentPostprocessing = 0;
		};
		128D25292BB003A900E87359 /* Resources */ = {
			isa = PBXResourcesBuildPhase;
			buildActionMask = 2147483647;
			files = (
			);
			runOnlyForDeploymentPostprocessing = 0;
		};
		128D25332BB003A900E87359 /* Resources */ = {
			isa = PBXResourcesBuildPhase;
			buildActionMask = 2147483647;
			files = (
			);
			runOnlyForDeploymentPostprocessing = 0;
		};
/* End PBXResourcesBuildPhase section */

/* Begin PBXSourcesBuildPhase section */
		128D25112BB003A700E87359 /* Sources */ = {
			isa = PBXSourcesBuildPhase;
			buildActionMask = 2147483647;
			files = (
				12A28CE22BD4EC08004B67CD /* DataModel.xcdatamodeld in Sources */,
				128D251D2BB003A700E87359 /* ToDoListViewController.swift in Sources */,
				128D25192BB003A700E87359 /* AppDelegate.swift in Sources */,
				12ED00872BF0A367005E2D2C /* CategoryViewController.swift in Sources */,
				128D251B2BB003A700E87359 /* SceneDelegate.swift in Sources */,
			);
			runOnlyForDeploymentPostprocessing = 0;
		};
		128D25272BB003A900E87359 /* Sources */ = {
			isa = PBXSourcesBuildPhase;
			buildActionMask = 2147483647;
			files = (
				128D25302BB003A900E87359 /* ToDoTests.swift in Sources */,
			);
			runOnlyForDeploymentPostprocessing = 0;
		};
		128D25312BB003A900E87359 /* Sources */ = {
			isa = PBXSourcesBuildPhase;
			buildActionMask = 2147483647;
			files = (
				128D253C2BB003A900E87359 /* ToDoUITestsLaunchTests.swift in Sources */,
				128D253A2BB003A900E87359 /* ToDoUITests.swift in Sources */,
			);
			runOnlyForDeploymentPostprocessing = 0;
		};
/* End PBXSourcesBuildPhase section */

/* Begin PBXTargetDependency section */
		128D252D2BB003A900E87359 /* PBXTargetDependency */ = {
			isa = PBXTargetDependency;
			target = 128D25142BB003A700E87359 /* ToDo */;
			targetProxy = 128D252C2BB003A900E87359 /* PBXContainerItemProxy */;
		};
		128D25372BB003A900E87359 /* PBXTargetDependency */ = {
			isa = PBXTargetDependency;
			target = 128D25142BB003A700E87359 /* ToDo */;
			targetProxy = 128D25362BB003A900E87359 /* PBXContainerItemProxy */;
		};
/* End PBXTargetDependency section */

/* Begin PBXVariantGroup section */
		128D251E2BB003A700E87359 /* Main.storyboard */ = {
			isa = PBXVariantGroup;
			children = (
				128D251F2BB003A700E87359 /* Base */,
			);
			name = Main.storyboard;
			sourceTree = "<group>";
		};
		128D25232BB003A900E87359 /* LaunchScreen.storyboard */ = {
			isa = PBXVariantGroup;
			children = (
				128D25242BB003A900E87359 /* Base */,
			);
			name = LaunchScreen.storyboard;
			sourceTree = "<group>";
		};
/* End PBXVariantGroup section */

/* Begin XCBuildConfiguration section */
		128D253D2BB003A900E87359 /* Debug */ = {
			isa = XCBuildConfiguration;
			buildSettings = {
				ALWAYS_SEARCH_USER_PATHS = NO;
				ASSETCATALOG_COMPILER_GENERATE_SWIFT_ASSET_SYMBOL_EXTENSIONS = YES;
				CLANG_ANALYZER_NONNULL = YES;
				CLANG_ANALYZER_NUMBER_OBJECT_CONVERSION = YES_AGGRESSIVE;
				CLANG_CXX_LANGUAGE_STANDARD = "gnu++20";
				CLANG_ENABLE_MODULES = YES;
				CLANG_ENABLE_OBJC_ARC = YES;
				CLANG_ENABLE_OBJC_WEAK = YES;
				CLANG_WARN_BLOCK_CAPTURE_AUTORELEASING = YES;
				CLANG_WARN_BOOL_CONVERSION = YES;
				CLANG_WARN_COMMA = YES;
				CLANG_WARN_CONSTANT_CONVERSION = YES;
				CLANG_WARN_DEPRECATED_OBJC_IMPLEMENTATIONS = YES;
				CLANG_WARN_DIRECT_OBJC_ISA_USAGE = YES_ERROR;
				CLANG_WARN_DOCUMENTATION_COMMENTS = YES;
				CLANG_WARN_EMPTY_BODY = YES;
				CLANG_WARN_ENUM_CONVERSION = YES;
				CLANG_WARN_INFINITE_RECURSION = YES;
				CLANG_WARN_INT_CONVERSION = YES;
				CLANG_WARN_NON_LITERAL_NULL_CONVERSION = YES;
				CLANG_WARN_OBJC_IMPLICIT_RETAIN_SELF = YES;
				CLANG_WARN_OBJC_LITERAL_CONVERSION = YES;
				CLANG_WARN_OBJC_ROOT_CLASS = YES_ERROR;
				CLANG_WARN_QUOTED_INCLUDE_IN_FRAMEWORK_HEADER = YES;
				CLANG_WARN_RANGE_LOOP_ANALYSIS = YES;
				CLANG_WARN_STRICT_PROTOTYPES = YES;
				CLANG_WARN_SUSPICIOUS_MOVE = YES;
				CLANG_WARN_UNGUARDED_AVAILABILITY = YES_AGGRESSIVE;
				CLANG_WARN_UNREACHABLE_CODE = YES;
				CLANG_WARN__DUPLICATE_METHOD_MATCH = YES;
				COPY_PHASE_STRIP = NO;
				DEBUG_INFORMATION_FORMAT = dwarf;
				ENABLE_STRICT_OBJC_MSGSEND = YES;
				ENABLE_TESTABILITY = YES;
				ENABLE_USER_SCRIPT_SANDBOXING = YES;
				GCC_C_LANGUAGE_STANDARD = gnu17;
				GCC_DYNAMIC_NO_PIC = NO;
				GCC_NO_COMMON_BLOCKS = YES;
				GCC_OPTIMIZATION_LEVEL = 0;
				GCC_PREPROCESSOR_DEFINITIONS = (
					"DEBUG=1",
					"$(inherited)",
				);
				GCC_WARN_64_TO_32_BIT_CONVERSION = YES;
				GCC_WARN_ABOUT_RETURN_TYPE = YES_ERROR;
				GCC_WARN_UNDECLARED_SELECTOR = YES;
				GCC_WARN_UNINITIALIZED_AUTOS = YES_AGGRESSIVE;
				GCC_WARN_UNUSED_FUNCTION = YES;
				GCC_WARN_UNUSED_VARIABLE = YES;
				IPHONEOS_DEPLOYMENT_TARGET = 17.4;
				LOCALIZATION_PREFERS_STRING_CATALOGS = YES;
				MTL_ENABLE_DEBUG_INFO = INCLUDE_SOURCE;
				MTL_FAST_MATH = YES;
				ONLY_ACTIVE_ARCH = YES;
				SDKROOT = iphoneos;
				SWIFT_ACTIVE_COMPILATION_CONDITIONS = "DEBUG $(inherited)";
				SWIFT_OPTIMIZATION_LEVEL = "-Onone";
			};
			name = Debug;
		};
		128D253E2BB003A900E87359 /* Release */ = {
			isa = XCBuildConfiguration;
			buildSettings = {
				ALWAYS_SEARCH_USER_PATHS = NO;
				ASSETCATALOG_COMPILER_GENERATE_SWIFT_ASSET_SYMBOL_EXTENSIONS = YES;
				CLANG_ANALYZER_NONNULL = YES;
				CLANG_ANALYZER_NUMBER_OBJECT_CONVERSION = YES_AGGRESSIVE;
				CLANG_CXX_LANGUAGE_STANDARD = "gnu++20";
				CLANG_ENABLE_MODULES = YES;
				CLANG_ENABLE_OBJC_ARC = YES;
				CLANG_ENABLE_OBJC_WEAK = YES;
				CLANG_WARN_BLOCK_CAPTURE_AUTORELEASING = YES;
				CLANG_WARN_BOOL_CONVERSION = YES;
				CLANG_WARN_COMMA = YES;
				CLANG_WARN_CONSTANT_CONVERSION = YES;
				CLANG_WARN_DEPRECATED_OBJC_IMPLEMENTATIONS = YES;
				CLANG_WARN_DIRECT_OBJC_ISA_USAGE = YES_ERROR;
				CLANG_WARN_DOCUMENTATION_COMMENTS = YES;
				CLANG_WARN_EMPTY_BODY = YES;
				CLANG_WARN_ENUM_CONVERSION = YES;
				CLANG_WARN_INFINITE_RECURSION = YES;
				CLANG_WARN_INT_CONVERSION = YES;
				CLANG_WARN_NON_LITERAL_NULL_CONVERSION = YES;
				CLANG_WARN_OBJC_IMPLICIT_RETAIN_SELF = YES;
				CLANG_WARN_OBJC_LITERAL_CONVERSION = YES;
				CLANG_WARN_OBJC_ROOT_CLASS = YES_ERROR;
				CLANG_WARN_QUOTED_INCLUDE_IN_FRAMEWORK_HEADER = YES;
				CLANG_WARN_RANGE_LOOP_ANALYSIS = YES;
				CLANG_WARN_STRICT_PROTOTYPES = YES;
				CLANG_WARN_SUSPICIOUS_MOVE = YES;
				CLANG_WARN_UNGUARDED_AVAILABILITY = YES_AGGRESSIVE;
				CLANG_WARN_UNREACHABLE_CODE = YES;
				CLANG_WARN__DUPLICATE_METHOD_MATCH = YES;
				COPY_PHASE_STRIP = NO;
				DEBUG_INFORMATION_FORMAT = "dwarf-with-dsym";
				ENABLE_NS_ASSERTIONS = NO;
				ENABLE_STRICT_OBJC_MSGSEND = YES;
				ENABLE_USER_SCRIPT_SANDBOXING = YES;
				GCC_C_LANGUAGE_STANDARD = gnu17;
				GCC_NO_COMMON_BLOCKS = YES;
				GCC_WARN_64_TO_32_BIT_CONVERSION = YES;
				GCC_WARN_ABOUT_RETURN_TYPE = YES_ERROR;
				GCC_WARN_UNDECLARED_SELECTOR = YES;
				GCC_WARN_UNINITIALIZED_AUTOS = YES_AGGRESSIVE;
				GCC_WARN_UNUSED_FUNCTION = YES;
				GCC_WARN_UNUSED_VARIABLE = YES;
				IPHONEOS_DEPLOYMENT_TARGET = 17.4;
				LOCALIZATION_PREFERS_STRING_CATALOGS = YES;
				MTL_ENABLE_DEBUG_INFO = NO;
				MTL_FAST_MATH = YES;
				SDKROOT = iphoneos;
				SWIFT_COMPILATION_MODE = wholemodule;
				VALIDATE_PRODUCT = YES;
			};
			name = Release;
		};
		128D25402BB003A900E87359 /* Debug */ = {
			isa = XCBuildConfiguration;
			buildSettings = {
				ASSETCATALOG_COMPILER_APPICON_NAME = AppIcon;
				ASSETCATALOG_COMPILER_GLOBAL_ACCENT_COLOR_NAME = AccentColor;
				CODE_SIGN_STYLE = Automatic;
				CURRENT_PROJECT_VERSION = 1;
				DEVELOPMENT_TEAM = S2WVPWCGKR;
				GENERATE_INFOPLIST_FILE = YES;
				INFOPLIST_FILE = ToDo/Info.plist;
				INFOPLIST_KEY_UIApplicationSupportsIndirectInputEvents = YES;
				INFOPLIST_KEY_UILaunchStoryboardName = LaunchScreen;
				INFOPLIST_KEY_UIMainStoryboardFile = Main;
				INFOPLIST_KEY_UISupportedInterfaceOrientations_iPad = "UIInterfaceOrientationPortrait UIInterfaceOrientationPortraitUpsideDown UIInterfaceOrientationLandscapeLeft UIInterfaceOrientationLandscapeRight";
				INFOPLIST_KEY_UISupportedInterfaceOrientations_iPhone = "UIInterfaceOrientationPortrait UIInterfaceOrientationLandscapeLeft UIInterfaceOrientationLandscapeRight";
				LD_RUNPATH_SEARCH_PATHS = (
					"$(inherited)",
					"@executable_path/Frameworks",
				);
				MARKETING_VERSION = 1.0;
				PRODUCT_BUNDLE_IDENTIFIER = com.chetan.ToDo;
				PRODUCT_NAME = "$(TARGET_NAME)";
				SWIFT_EMIT_LOC_STRINGS = YES;
				SWIFT_VERSION = 5.0;
				TARGETED_DEVICE_FAMILY = "1,2";
			};
			name = Debug;
		};
		128D25412BB003A900E87359 /* Release */ = {
			isa = XCBuildConfiguration;
			buildSettings = {
				ASSETCATALOG_COMPILER_APPICON_NAME = AppIcon;
				ASSETCATALOG_COMPILER_GLOBAL_ACCENT_COLOR_NAME = AccentColor;
				CODE_SIGN_STYLE = Automatic;
				CURRENT_PROJECT_VERSION = 1;
				DEVELOPMENT_TEAM = S2WVPWCGKR;
				GENERATE_INFOPLIST_FILE = YES;
				INFOPLIST_FILE = ToDo/Info.plist;
				INFOPLIST_KEY_UIApplicationSupportsIndirectInputEvents = YES;
				INFOPLIST_KEY_UILaunchStoryboardName = LaunchScreen;
				INFOPLIST_KEY_UIMainStoryboardFile = Main;
				INFOPLIST_KEY_UISupportedInterfaceOrientations_iPad = "UIInterfaceOrientationPortrait UIInterfaceOrientationPortraitUpsideDown UIInterfaceOrientationLandscapeLeft UIInterfaceOrientationLandscapeRight";
				INFOPLIST_KEY_UISupportedInterfaceOrientations_iPhone = "UIInterfaceOrientationPortrait UIInterfaceOrientationLandscapeLeft UIInterfaceOrientationLandscapeRight";
				LD_RUNPATH_SEARCH_PATHS = (
					"$(inherited)",
					"@executable_path/Frameworks",
				);
				MARKETING_VERSION = 1.0;
				PRODUCT_BUNDLE_IDENTIFIER = com.chetan.ToDo;
				PRODUCT_NAME = "$(TARGET_NAME)";
				SWIFT_EMIT_LOC_STRINGS = YES;
				SWIFT_VERSION = 5.0;
				TARGETED_DEVICE_FAMILY = "1,2";
			};
			name = Release;
		};
		128D25432BB003A900E87359 /* Debug */ = {
			isa = XCBuildConfiguration;
			buildSettings = {
				ALWAYS_EMBED_SWIFT_STANDARD_LIBRARIES = YES;
				BUNDLE_LOADER = "$(TEST_HOST)";
				CODE_SIGN_STYLE = Automatic;
				CURRENT_PROJECT_VERSION = 1;
				GENERATE_INFOPLIST_FILE = YES;
				IPHONEOS_DEPLOYMENT_TARGET = 17.4;
				MARKETING_VERSION = 1.0;
				PRODUCT_BUNDLE_IDENTIFIER = com.chetan.ToDoTests;
				PRODUCT_NAME = "$(TARGET_NAME)";
				SWIFT_EMIT_LOC_STRINGS = NO;
				SWIFT_VERSION = 5.0;
				TARGETED_DEVICE_FAMILY = "1,2";
				TEST_HOST = "$(BUILT_PRODUCTS_DIR)/ToDo.app/$(BUNDLE_EXECUTABLE_FOLDER_PATH)/ToDo";
			};
			name = Debug;
		};
		128D25442BB003A900E87359 /* Release */ = {
			isa = XCBuildConfiguration;
			buildSettings = {
				ALWAYS_EMBED_SWIFT_STANDARD_LIBRARIES = YES;
				BUNDLE_LOADER = "$(TEST_HOST)";
				CODE_SIGN_STYLE = Automatic;
				CURRENT_PROJECT_VERSION = 1;
				GENERATE_INFOPLIST_FILE = YES;
				IPHONEOS_DEPLOYMENT_TARGET = 17.4;
				MARKETING_VERSION = 1.0;
				PRODUCT_BUNDLE_IDENTIFIER = com.chetan.ToDoTests;
				PRODUCT_NAME = "$(TARGET_NAME)";
				SWIFT_EMIT_LOC_STRINGS = NO;
				SWIFT_VERSION = 5.0;
				TARGETED_DEVICE_FAMILY = "1,2";
				TEST_HOST = "$(BUILT_PRODUCTS_DIR)/ToDo.app/$(BUNDLE_EXECUTABLE_FOLDER_PATH)/ToDo";
			};
			name = Release;
		};
		128D25462BB003A900E87359 /* Debug */ = {
			isa = XCBuildConfiguration;
			buildSettings = {
				ALWAYS_EMBED_SWIFT_STANDARD_LIBRARIES = YES;
				CODE_SIGN_STYLE = Automatic;
				CURRENT_PROJECT_VERSION = 1;
				GENERATE_INFOPLIST_FILE = YES;
				MARKETING_VERSION = 1.0;
				PRODUCT_BUNDLE_IDENTIFIER = com.chetan.ToDoUITests;
				PRODUCT_NAME = "$(TARGET_NAME)";
				SWIFT_EMIT_LOC_STRINGS = NO;
				SWIFT_VERSION = 5.0;
				TARGETED_DEVICE_FAMILY = "1,2";
				TEST_TARGET_NAME = ToDo;
			};
			name = Debug;
		};
		128D25472BB003A900E87359 /* Release */ = {
			isa = XCBuildConfiguration;
			buildSettings = {
				ALWAYS_EMBED_SWIFT_STANDARD_LIBRARIES = YES;
				CODE_SIGN_STYLE = Automatic;
				CURRENT_PROJECT_VERSION = 1;
				GENERATE_INFOPLIST_FILE = YES;
				MARKETING_VERSION = 1.0;
				PRODUCT_BUNDLE_IDENTIFIER = com.chetan.ToDoUITests;
				PRODUCT_NAME = "$(TARGET_NAME)";
				SWIFT_EMIT_LOC_STRINGS = NO;
				SWIFT_VERSION = 5.0;
				TARGETED_DEVICE_FAMILY = "1,2";
				TEST_TARGET_NAME = ToDo;
			};
			name = Release;
		};
/* End XCBuildConfiguration section */

/* Begin XCConfigurationList section */
		128D25102BB003A700E87359 /* Build configuration list for PBXProject "ToDo" */ = {
			isa = XCConfigurationList;
			buildConfigurations = (
				128D253D2BB003A900E87359 /* Debug */,
				128D253E2BB003A900E87359 /* Release */,
			);
			defaultConfigurationIsVisible = 0;
			defaultConfigurationName = Release;
		};
		128D253F2BB003A900E87359 /* Build configuration list for PBXNativeTarget "ToDo" */ = {
			isa = XCConfigurationList;
			buildConfigurations = (
				128D25402BB003A900E87359 /* Debug */,
				128D25412BB003A900E87359 /* Release */,
			);
			defaultConfigurationIsVisible = 0;
			defaultConfigurationName = Release;
		};
		128D25422BB003A900E87359 /* Build configuration list for PBXNativeTarget "ToDoTests" */ = {
			isa = XCConfigurationList;
			buildConfigurations = (
				128D25432BB003A900E87359 /* Debug */,
				128D25442BB003A900E87359 /* Release */,
			);
			defaultConfigurationIsVisible = 0;
			defaultConfigurationName = Release;
		};
		128D25452BB003A900E87359 /* Build configuration list for PBXNativeTarget "ToDoUITests" */ = {
			isa = XCConfigurationList;
			buildConfigurations = (
				128D25462BB003A900E87359 /* Debug */,
				128D25472BB003A900E87359 /* Release */,
			);
			defaultConfigurationIsVisible = 0;
			defaultConfigurationName = Release;
		};
/* End XCConfigurationList section */

/* Begin XCVersionGroup section */
		12A28CE02BD4EC08004B67CD /* DataModel.xcdatamodeld */ = {
			isa = XCVersionGroup;
			children = (
				12A28CE12BD4EC08004B67CD /* DataModel.xcdatamodel */,
			);
			currentVersion = 12A28CE12BD4EC08004B67CD /* DataModel.xcdatamodel */;
			path = DataModel.xcdatamodeld;
			sourceTree = "<group>";
			versionGroupType = wrapper.xcdatamodel;
		};
/* End XCVersionGroup section */
	};
	rootObject = 128D250D2BB003A700E87359 /* Project object */;
}
